// !$*UTF8*$!
{
	archiveVersion = 1;
	classes = {
	};
	objectVersion = 56;
	objects = {

/* Begin PBXBuildFile section */
		70300C3B2C65819B00C47785 /* AppDelegate.swift in Sources */ = {isa = PBXBuildFile; fileRef = 70300C3A2C65819B00C47785 /* AppDelegate.swift */; };
		70300C3D2C65819B00C47785 /* SceneDelegate.swift in Sources */ = {isa = PBXBuildFile; fileRef = 70300C3C2C65819B00C47785 /* SceneDelegate.swift */; };
		70300C472C65819D00C47785 /* Assets.xcassets in Resources */ = {isa = PBXBuildFile; fileRef = 70300C462C65819D00C47785 /* Assets.xcassets */; };
		70300C4A2C65819D00C47785 /* Base in Resources */ = {isa = PBXBuildFile; fileRef = 70300C492C65819D00C47785 /* Base */; };
		70300C532C6581E100C47785 /* SDWebImage in Frameworks */ = {isa = PBXBuildFile; productRef = 70300C522C6581E100C47785 /* SDWebImage */; };
		70300C552C6581E100C47785 /* SDWebImageMapKit in Frameworks */ = {isa = PBXBuildFile; productRef = 70300C542C6581E100C47785 /* SDWebImageMapKit */; };
		70300C712C658D0E00C47785 /* Alamofire in Frameworks */ = {isa = PBXBuildFile; productRef = 70300C702C658D0E00C47785 /* Alamofire */; };
		70300C7C2C65936000C47785 /* Search.storyboard in Resources */ = {isa = PBXBuildFile; fileRef = 70300C7B2C65936000C47785 /* Search.storyboard */; };
		70300C7E2C65937300C47785 /* DrinkDetails.storyboard in Resources */ = {isa = PBXBuildFile; fileRef = 70300C7D2C65937300C47785 /* DrinkDetails.storyboard */; };
		70300C802C65938A00C47785 /* Favourites.storyboard in Resources */ = {isa = PBXBuildFile; fileRef = 70300C7F2C65938A00C47785 /* Favourites.storyboard */; };
		70300C822C6593AC00C47785 /* SearchViewModel.swift in Sources */ = {isa = PBXBuildFile; fileRef = 70300C812C6593AC00C47785 /* SearchViewModel.swift */; };
		70300C842C6593C600C47785 /* DrinkDetailsViewModel.swift in Sources */ = {isa = PBXBuildFile; fileRef = 70300C832C6593C600C47785 /* DrinkDetailsViewModel.swift */; };
		70300C862C65954200C47785 /* FavoritesViewModel.swift in Sources */ = {isa = PBXBuildFile; fileRef = 70300C852C65954200C47785 /* FavoritesViewModel.swift */; };
		70300C882C65955F00C47785 /* SearchViewController.swift in Sources */ = {isa = PBXBuildFile; fileRef = 70300C872C65955F00C47785 /* SearchViewController.swift */; };
		70300C8A2C65957E00C47785 /* DrinkDetailsViewController.swift in Sources */ = {isa = PBXBuildFile; fileRef = 70300C892C65957E00C47785 /* DrinkDetailsViewController.swift */; };
		70300C8C2C6595CA00C47785 /* FavouritesViewController.swift in Sources */ = {isa = PBXBuildFile; fileRef = 70300C8B2C6595CA00C47785 /* FavouritesViewController.swift */; };
		70300C8E2C65962200C47785 /* CocktailModel.swift in Sources */ = {isa = PBXBuildFile; fileRef = 70300C8D2C65962200C47785 /* CocktailModel.swift */; };
		70300C922C65966400C47785 /* FavoriteDrinkCell.swift in Sources */ = {isa = PBXBuildFile; fileRef = 70300C912C65966400C47785 /* FavoriteDrinkCell.swift */; };
		70300C942C65968200C47785 /* DrinkCell.swift in Sources */ = {isa = PBXBuildFile; fileRef = 70300C932C65968200C47785 /* DrinkCell.swift */; };
		70300C962C6596A900C47785 /* NetworkManager.swift in Sources */ = {isa = PBXBuildFile; fileRef = 70300C952C6596A900C47785 /* NetworkManager.swift */; };
		70300C992C6596D800C47785 /* NotificationManager.swift in Sources */ = {isa = PBXBuildFile; fileRef = 70300C982C6596D700C47785 /* NotificationManager.swift */; };
		70E422DE2C675DD5003E3120 /* FavouritesManager.swift in Sources */ = {isa = PBXBuildFile; fileRef = 70E422DD2C675DD5003E3120 /* FavouritesManager.swift */; };
		70E422F42C67F3B5003E3120 /* DrinkRecepie.xcdatamodeld in Sources */ = {isa = PBXBuildFile; fileRef = 70E422F22C67F3B5003E3120 /* DrinkRecepie.xcdatamodeld */; };
/* End PBXBuildFile section */

/* Begin PBXFileReference section */
		70300C372C65819B00C47785 /* DrinkRecepieIOS.app */ = {isa = PBXFileReference; explicitFileType = wrapper.application; includeInIndex = 0; path = DrinkRecepieIOS.app; sourceTree = BUILT_PRODUCTS_DIR; };
		70300C3A2C65819B00C47785 /* AppDelegate.swift */ = {isa = PBXFileReference; lastKnownFileType = sourcecode.swift; path = AppDelegate.swift; sourceTree = "<group>"; };
		70300C3C2C65819B00C47785 /* SceneDelegate.swift */ = {isa = PBXFileReference; lastKnownFileType = sourcecode.swift; path = SceneDelegate.swift; sourceTree = "<group>"; };
		70300C462C65819D00C47785 /* Assets.xcassets */ = {isa = PBXFileReference; lastKnownFileType = folder.assetcatalog; path = Assets.xcassets; sourceTree = "<group>"; };
		70300C492C65819D00C47785 /* Base */ = {isa = PBXFileReference; lastKnownFileType = file.storyboard; name = Base; path = Base.lproj/LaunchScreen.storyboard; sourceTree = "<group>"; };
		70300C4B2C65819D00C47785 /* Info.plist */ = {isa = PBXFileReference; lastKnownFileType = text.plist.xml; path = Info.plist; sourceTree = "<group>"; };
		70300C7B2C65936000C47785 /* Search.storyboard */ = {isa = PBXFileReference; lastKnownFileType = file.storyboard; path = Search.storyboard; sourceTree = "<group>"; };
		70300C7D2C65937300C47785 /* DrinkDetails.storyboard */ = {isa = PBXFileReference; lastKnownFileType = file.storyboard; path = DrinkDetails.storyboard; sourceTree = "<group>"; };
		70300C7F2C65938A00C47785 /* Favourites.storyboard */ = {isa = PBXFileReference; lastKnownFileType = file.storyboard; path = Favourites.storyboard; sourceTree = "<group>"; };
		70300C812C6593AC00C47785 /* SearchViewModel.swift */ = {isa = PBXFileReference; lastKnownFileType = sourcecode.swift; path = SearchViewModel.swift; sourceTree = "<group>"; };
		70300C832C6593C600C47785 /* DrinkDetailsViewModel.swift */ = {isa = PBXFileReference; lastKnownFileType = sourcecode.swift; path = DrinkDetailsViewModel.swift; sourceTree = "<group>"; };
		70300C852C65954200C47785 /* FavoritesViewModel.swift */ = {isa = PBXFileReference; lastKnownFileType = sourcecode.swift; path = FavoritesViewModel.swift; sourceTree = "<group>"; };
		70300C872C65955F00C47785 /* SearchViewController.swift */ = {isa = PBXFileReference; lastKnownFileType = sourcecode.swift; path = SearchViewController.swift; sourceTree = "<group>"; };
		70300C892C65957E00C47785 /* DrinkDetailsViewController.swift */ = {isa = PBXFileReference; lastKnownFileType = sourcecode.swift; path = DrinkDetailsViewController.swift; sourceTree = "<group>"; };
		70300C8B2C6595CA00C47785 /* FavouritesViewController.swift */ = {isa = PBXFileReference; lastKnownFileType = sourcecode.swift; path = FavouritesViewController.swift; sourceTree = "<group>"; };
		70300C8D2C65962200C47785 /* CocktailModel.swift */ = {isa = PBXFileReference; lastKnownFileType = sourcecode.swift; path = CocktailModel.swift; sourceTree = "<group>"; };
		70300C912C65966400C47785 /* FavoriteDrinkCell.swift */ = {isa = PBXFileReference; lastKnownFileType = sourcecode.swift; path = FavoriteDrinkCell.swift; sourceTree = "<group>"; };
		70300C932C65968200C47785 /* DrinkCell.swift */ = {isa = PBXFileReference; lastKnownFileType = sourcecode.swift; path = DrinkCell.swift; sourceTree = "<group>"; };
		70300C952C6596A900C47785 /* NetworkManager.swift */ = {isa = PBXFileReference; lastKnownFileType = sourcecode.swift; path = NetworkManager.swift; sourceTree = "<group>"; };
		70300C982C6596D700C47785 /* NotificationManager.swift */ = {isa = PBXFileReference; lastKnownFileType = sourcecode.swift; path = NotificationManager.swift; sourceTree = "<group>"; };
		70E422DD2C675DD5003E3120 /* FavouritesManager.swift */ = {isa = PBXFileReference; lastKnownFileType = sourcecode.swift; path = FavouritesManager.swift; sourceTree = "<group>"; };
		70E422F32C67F3B5003E3120 /* DrinkRecepie.xcdatamodel */ = {isa = PBXFileReference; lastKnownFileType = wrapper.xcdatamodel; path = DrinkRecepie.xcdatamodel; sourceTree = "<group>"; };
/* End PBXFileReference section */

/* Begin PBXFrameworksBuildPhase section */
		70300C342C65819B00C47785 /* Frameworks */ = {
			isa = PBXFrameworksBuildPhase;
			buildActionMask = 2147483647;
			files = (
				70300C712C658D0E00C47785 /* Alamofire in Frameworks */,
				70300C552C6581E100C47785 /* SDWebImageMapKit in Frameworks */,
				70300C532C6581E100C47785 /* SDWebImage in Frameworks */,
			);
			runOnlyForDeploymentPostprocessing = 0;
		};
/* End PBXFrameworksBuildPhase section */

/* Begin PBXGroup section */
		70300C2E2C65819B00C47785 = {
			isa = PBXGroup;
			children = (
				70300C392C65819B00C47785 /* DrinkRecepieIOS */,
				70300C382C65819B00C47785 /* Products */,
			);
			sourceTree = "<group>";
		};
		70300C382C65819B00C47785 /* Products */ = {
			isa = PBXGroup;
			children = (
				70300C372C65819B00C47785 /* DrinkRecepieIOS.app */,
			);
			name = Products;
			sourceTree = "<group>";
		};
		70300C392C65819B00C47785 /* DrinkRecepieIOS */ = {
			isa = PBXGroup;
			children = (
				70300C742C6592F800C47785 /* Views */,
				70300C752C65930300C47785 /* Models */,
				70300C762C65930A00C47785 /* Networking */,
				70300C972C6596C000C47785 /* SupportingFiles */,
				70300C3A2C65819B00C47785 /* AppDelegate.swift */,
				70300C3C2C65819B00C47785 /* SceneDelegate.swift */,
				70300C462C65819D00C47785 /* Assets.xcassets */,
				70300C482C65819D00C47785 /* LaunchScreen.storyboard */,
				70300C4B2C65819D00C47785 /* Info.plist */,
			);
			path = DrinkRecepieIOS;
			sourceTree = "<group>";
		};
		70300C742C6592F800C47785 /* Views */ = {
			isa = PBXGroup;
			children = (
				70300C772C65932000C47785 /* Storyboards */,
				70300C782C65932900C47785 /* Search */,
				70300C792C65933300C47785 /* DrinkDetails */,
				70300C7A2C65933B00C47785 /* Favourites */,
			);
			path = Views;
			sourceTree = "<group>";
		};
		70300C752C65930300C47785 /* Models */ = {
			isa = PBXGroup;
			children = (
				70300C8D2C65962200C47785 /* CocktailModel.swift */,
				70E422DD2C675DD5003E3120 /* FavouritesManager.swift */,
			);
			path = Models;
			sourceTree = "<group>";
		};
		70300C762C65930A00C47785 /* Networking */ = {
			isa = PBXGroup;
			children = (
				70300C952C6596A900C47785 /* NetworkManager.swift */,
			);
			path = Networking;
			sourceTree = "<group>";
		};
		70300C772C65932000C47785 /* Storyboards */ = {
			isa = PBXGroup;
			children = (
				70300C7B2C65936000C47785 /* Search.storyboard */,
				70300C7D2C65937300C47785 /* DrinkDetails.storyboard */,
				70300C7F2C65938A00C47785 /* Favourites.storyboard */,
			);
			path = Storyboards;
			sourceTree = "<group>";
		};
		70300C782C65932900C47785 /* Search */ = {
			isa = PBXGroup;
			children = (
				70300C812C6593AC00C47785 /* SearchViewModel.swift */,
				70300C872C65955F00C47785 /* SearchViewController.swift */,
			);
			path = Search;
			sourceTree = "<group>";
		};
		70300C792C65933300C47785 /* DrinkDetails */ = {
			isa = PBXGroup;
			children = (
				70300C832C6593C600C47785 /* DrinkDetailsViewModel.swift */,
				70300C892C65957E00C47785 /* DrinkDetailsViewController.swift */,
				70300C932C65968200C47785 /* DrinkCell.swift */,
			);
			path = DrinkDetails;
			sourceTree = "<group>";
		};
		70300C7A2C65933B00C47785 /* Favourites */ = {
			isa = PBXGroup;
			children = (
				70300C8B2C6595CA00C47785 /* FavouritesViewController.swift */,
				70300C852C65954200C47785 /* FavoritesViewModel.swift */,
				70300C912C65966400C47785 /* FavoriteDrinkCell.swift */,
			);
			path = Favourites;
			sourceTree = "<group>";
		};
		70300C972C6596C000C47785 /* SupportingFiles */ = {
			isa = PBXGroup;
			children = (
				70300C982C6596D700C47785 /* NotificationManager.swift */,
				70E422F22C67F3B5003E3120 /* DrinkRecepie.xcdatamodeld */,
			);
			path = SupportingFiles;
			sourceTree = "<group>";
		};
/* End PBXGroup section */

/* Begin PBXNativeTarget section */
		70300C362C65819B00C47785 /* DrinkRecepieIOS */ = {
			isa = PBXNativeTarget;
			buildConfigurationList = 70300C4E2C65819D00C47785 /* Build configuration list for PBXNativeTarget "DrinkRecepieIOS" */;
			buildPhases = (
				70300C332C65819B00C47785 /* Sources */,
				70300C342C65819B00C47785 /* Frameworks */,
				70300C352C65819B00C47785 /* Resources */,
			);
			buildRules = (
			);
			dependencies = (
			);
			name = DrinkRecepieIOS;
			packageProductDependencies = (
				70300C522C6581E100C47785 /* SDWebImage */,
				70300C542C6581E100C47785 /* SDWebImageMapKit */,
				70300C702C658D0E00C47785 /* Alamofire */,
			);
			productName = DrinkRecepieIOS;
			productReference = 70300C372C65819B00C47785 /* DrinkRecepieIOS.app */;
			productType = "com.apple.product-type.application";
		};
/* End PBXNativeTarget section */

/* Begin PBXProject section */
		70300C2F2C65819B00C47785 /* Project object */ = {
			isa = PBXProject;
			attributes = {
				BuildIndependentTargetsInParallel = 1;
				LastSwiftUpdateCheck = 1540;
				LastUpgradeCheck = 1540;
				TargetAttributes = {
					70300C362C65819B00C47785 = {
						CreatedOnToolsVersion = 15.4;
					};
				};
			};
			buildConfigurationList = 70300C322C65819B00C47785 /* Build configuration list for PBXProject "DrinkRecepieIOS" */;
			compatibilityVersion = "Xcode 14.0";
			developmentRegion = en;
			hasScannedForEncodings = 0;
			knownRegions = (
				en,
				Base,
			);
			mainGroup = 70300C2E2C65819B00C47785;
			packageReferences = (
				70300C512C6581E100C47785 /* XCRemoteSwiftPackageReference "SDWebImage" */,
				70300C6F2C658D0E00C47785 /* XCRemoteSwiftPackageReference "Alamofire" */,
			);
			productRefGroup = 70300C382C65819B00C47785 /* Products */;
			projectDirPath = "";
			projectRoot = "";
			targets = (
				70300C362C65819B00C47785 /* DrinkRecepieIOS */,
			);
		};
/* End PBXProject section */

/* Begin PBXResourcesBuildPhase section */
		70300C352C65819B00C47785 /* Resources */ = {
			isa = PBXResourcesBuildPhase;
			buildActionMask = 2147483647;
			files = (
				70300C472C65819D00C47785 /* Assets.xcassets in Resources */,
				70300C7E2C65937300C47785 /* DrinkDetails.storyboard in Resources */,
				70300C802C65938A00C47785 /* Favourites.storyboard in Resources */,
				70300C4A2C65819D00C47785 /* Base in Resources */,
				70300C7C2C65936000C47785 /* Search.storyboard in Resources */,
			);
			runOnlyForDeploymentPostprocessing = 0;
		};
/* End PBXResourcesBuildPhase section */

/* Begin PBXSourcesBuildPhase section */
		70300C332C65819B00C47785 /* Sources */ = {
			isa = PBXSourcesBuildPhase;
			buildActionMask = 2147483647;
			files = (
				70300C8E2C65962200C47785 /* CocktailModel.swift in Sources */,
				70300C922C65966400C47785 /* FavoriteDrinkCell.swift in Sources */,
				70300C862C65954200C47785 /* FavoritesViewModel.swift in Sources */,
				70E422F42C67F3B5003E3120 /* DrinkRecepie.xcdatamodeld in Sources */,
				70300C882C65955F00C47785 /* SearchViewController.swift in Sources */,
				70300C822C6593AC00C47785 /* SearchViewModel.swift in Sources */,
				70300C942C65968200C47785 /* DrinkCell.swift in Sources */,
				70E422DE2C675DD5003E3120 /* FavouritesManager.swift in Sources */,
				70300C3B2C65819B00C47785 /* AppDelegate.swift in Sources */,
				70300C842C6593C600C47785 /* DrinkDetailsViewModel.swift in Sources */,
				70300C962C6596A900C47785 /* NetworkManager.swift in Sources */,
				70300C3D2C65819B00C47785 /* SceneDelegate.swift in Sources */,
				70300C992C6596D800C47785 /* NotificationManager.swift in Sources */,
				70300C8C2C6595CA00C47785 /* FavouritesViewController.swift in Sources */,
				70300C8A2C65957E00C47785 /* DrinkDetailsViewController.swift in Sources */,
			);
			runOnlyForDeploymentPostprocessing = 0;
		};
/* End PBXSourcesBuildPhase section */

/* Begin PBXVariantGroup section */
		70300C482C65819D00C47785 /* LaunchScreen.storyboard */ = {
			isa = PBXVariantGroup;
			children = (
				70300C492C65819D00C47785 /* Base */,
			);
			name = LaunchScreen.storyboard;
			sourceTree = "<group>";
		};
/* End PBXVariantGroup section */

/* Begin XCBuildConfiguration section */
		70300C4C2C65819D00C47785 /* Debug */ = {
			isa = XCBuildConfiguration;
			buildSettings = {
				ALWAYS_SEARCH_USER_PATHS = NO;
				ASSETCATALOG_COMPILER_GENERATE_SWIFT_ASSET_SYMBOL_EXTENSIONS = YES;
				CLANG_ANALYZER_NONNULL = YES;
				CLANG_ANALYZER_NUMBER_OBJECT_CONVERSION = YES_AGGRESSIVE;
				CLANG_CXX_LANGUAGE_STANDARD = "gnu++20";
				CLANG_ENABLE_MODULES = YES;
				CLANG_ENABLE_OBJC_ARC = YES;
				CLANG_ENABLE_OBJC_WEAK = YES;
				CLANG_WARN_BLOCK_CAPTURE_AUTORELEASING = YES;
				CLANG_WARN_BOOL_CONVERSION = YES;
				CLANG_WARN_COMMA = YES;
				CLANG_WARN_CONSTANT_CONVERSION = YES;
				CLANG_WARN_DEPRECATED_OBJC_IMPLEMENTATIONS = YES;
				CLANG_WARN_DIRECT_OBJC_ISA_USAGE = YES_ERROR;
				CLANG_WARN_DOCUMENTATION_COMMENTS = YES;
				CLANG_WARN_EMPTY_BODY = YES;
				CLANG_WARN_ENUM_CONVERSION = YES;
				CLANG_WARN_INFINITE_RECURSION = YES;
				CLANG_WARN_INT_CONVERSION = YES;
				CLANG_WARN_NON_LITERAL_NULL_CONVERSION = YES;
				CLANG_WARN_OBJC_IMPLICIT_RETAIN_SELF = YES;
				CLANG_WARN_OBJC_LITERAL_CONVERSION = YES;
				CLANG_WARN_OBJC_ROOT_CLASS = YES_ERROR;
				CLANG_WARN_QUOTED_INCLUDE_IN_FRAMEWORK_HEADER = YES;
				CLANG_WARN_RANGE_LOOP_ANALYSIS = YES;
				CLANG_WARN_STRICT_PROTOTYPES = YES;
				CLANG_WARN_SUSPICIOUS_MOVE = YES;
				CLANG_WARN_UNGUARDED_AVAILABILITY = YES_AGGRESSIVE;
				CLANG_WARN_UNREACHABLE_CODE = YES;
				CLANG_WARN__DUPLICATE_METHOD_MATCH = YES;
				COPY_PHASE_STRIP = NO;
				DEBUG_INFORMATION_FORMAT = dwarf;
				ENABLE_STRICT_OBJC_MSGSEND = YES;
				ENABLE_TESTABILITY = YES;
				ENABLE_USER_SCRIPT_SANDBOXING = YES;
				GCC_C_LANGUAGE_STANDARD = gnu17;
				GCC_DYNAMIC_NO_PIC = NO;
				GCC_NO_COMMON_BLOCKS = YES;
				GCC_OPTIMIZATION_LEVEL = 0;
				GCC_PREPROCESSOR_DEFINITIONS = (
					"DEBUG=1",
					"$(inherited)",
				);
				GCC_WARN_64_TO_32_BIT_CONVERSION = YES;
				GCC_WARN_ABOUT_RETURN_TYPE = YES_ERROR;
				GCC_WARN_UNDECLARED_SELECTOR = YES;
				GCC_WARN_UNINITIALIZED_AUTOS = YES_AGGRESSIVE;
				GCC_WARN_UNUSED_FUNCTION = YES;
				GCC_WARN_UNUSED_VARIABLE = YES;
				IPHONEOS_DEPLOYMENT_TARGET = 17.5;
				LOCALIZATION_PREFERS_STRING_CATALOGS = YES;
				MTL_ENABLE_DEBUG_INFO = INCLUDE_SOURCE;
				MTL_FAST_MATH = YES;
				ONLY_ACTIVE_ARCH = YES;
				SDKROOT = iphoneos;
				SWIFT_ACTIVE_COMPILATION_CONDITIONS = "DEBUG $(inherited)";
				SWIFT_OPTIMIZATION_LEVEL = "-Onone";
			};
			name = Debug;
		};
		70300C4D2C65819D00C47785 /* Release */ = {
			isa = XCBuildConfiguration;
			buildSettings = {
				ALWAYS_SEARCH_USER_PATHS = NO;
				ASSETCATALOG_COMPILER_GENERATE_SWIFT_ASSET_SYMBOL_EXTENSIONS = YES;
				CLANG_ANALYZER_NONNULL = YES;
				CLANG_ANALYZER_NUMBER_OBJECT_CONVERSION = YES_AGGRESSIVE;
				CLANG_CXX_LANGUAGE_STANDARD = "gnu++20";
				CLANG_ENABLE_MODULES = YES;
				CLANG_ENABLE_OBJC_ARC = YES;
				CLANG_ENABLE_OBJC_WEAK = YES;
				CLANG_WARN_BLOCK_CAPTURE_AUTORELEASING = YES;
				CLANG_WARN_BOOL_CONVERSION = YES;
				CLANG_WARN_COMMA = YES;
				CLANG_WARN_CONSTANT_CONVERSION = YES;
				CLANG_WARN_DEPRECATED_OBJC_IMPLEMENTATIONS = YES;
				CLANG_WARN_DIRECT_OBJC_ISA_USAGE = YES_ERROR;
				CLANG_WARN_DOCUMENTATION_COMMENTS = YES;
				CLANG_WARN_EMPTY_BODY = YES;
				CLANG_WARN_ENUM_CONVERSION = YES;
				CLANG_WARN_INFINITE_RECURSION = YES;
				CLANG_WARN_INT_CONVERSION = YES;
				CLANG_WARN_NON_LITERAL_NULL_CONVERSION = YES;
				CLANG_WARN_OBJC_IMPLICIT_RETAIN_SELF = YES;
				CLANG_WARN_OBJC_LITERAL_CONVERSION = YES;
				CLANG_WARN_OBJC_ROOT_CLASS = YES_ERROR;
				CLANG_WARN_QUOTED_INCLUDE_IN_FRAMEWORK_HEADER = YES;
				CLANG_WARN_RANGE_LOOP_ANALYSIS = YES;
				CLANG_WARN_STRICT_PROTOTYPES = YES;
				CLANG_WARN_SUSPICIOUS_MOVE = YES;
				CLANG_WARN_UNGUARDED_AVAILABILITY = YES_AGGRESSIVE;
				CLANG_WARN_UNREACHABLE_CODE = YES;
				CLANG_WARN__DUPLICATE_METHOD_MATCH = YES;
				COPY_PHASE_STRIP = NO;
				DEBUG_INFORMATION_FORMAT = "dwarf-with-dsym";
				ENABLE_NS_ASSERTIONS = NO;
				ENABLE_STRICT_OBJC_MSGSEND = YES;
				ENABLE_USER_SCRIPT_SANDBOXING = YES;
				GCC_C_LANGUAGE_STANDARD = gnu17;
				GCC_NO_COMMON_BLOCKS = YES;
				GCC_WARN_64_TO_32_BIT_CONVERSION = YES;
				GCC_WARN_ABOUT_RETURN_TYPE = YES_ERROR;
				GCC_WARN_UNDECLARED_SELECTOR = YES;
				GCC_WARN_UNINITIALIZED_AUTOS = YES_AGGRESSIVE;
				GCC_WARN_UNUSED_FUNCTION = YES;
				GCC_WARN_UNUSED_VARIABLE = YES;
				IPHONEOS_DEPLOYMENT_TARGET = 17.5;
				LOCALIZATION_PREFERS_STRING_CATALOGS = YES;
				MTL_ENABLE_DEBUG_INFO = NO;
				MTL_FAST_MATH = YES;
				SDKROOT = iphoneos;
				SWIFT_COMPILATION_MODE = wholemodule;
				VALIDATE_PRODUCT = YES;
			};
			name = Release;
		};
		70300C4F2C65819D00C47785 /* Debug */ = {
			isa = XCBuildConfiguration;
			buildSettings = {
				ASSETCATALOG_COMPILER_APPICON_NAME = AppIcon;
				ASSETCATALOG_COMPILER_GLOBAL_ACCENT_COLOR_NAME = AccentColor;
				CODE_SIGN_STYLE = Automatic;
				CURRENT_PROJECT_VERSION = 1;
				DEVELOPMENT_TEAM = QG69UFYDL6;
				GENERATE_INFOPLIST_FILE = YES;
				INFOPLIST_FILE = DrinkRecepieIOS/Info.plist;
				INFOPLIST_KEY_UIApplicationSupportsIndirectInputEvents = YES;
				INFOPLIST_KEY_UILaunchStoryboardName = LaunchScreen;
				INFOPLIST_KEY_UIMainStoryboardFile = Search;
				INFOPLIST_KEY_UISupportedInterfaceOrientations_iPad = "UIInterfaceOrientationPortrait UIInterfaceOrientationPortraitUpsideDown UIInterfaceOrientationLandscapeLeft UIInterfaceOrientationLandscapeRight";
				INFOPLIST_KEY_UISupportedInterfaceOrientations_iPhone = "UIInterfaceOrientationPortrait UIInterfaceOrientationLandscapeLeft UIInterfaceOrientationLandscapeRight";
				LD_RUNPATH_SEARCH_PATHS = (
					"$(inherited)",
					"@executable_path/Frameworks",
				);
				MARKETING_VERSION = 1.0;
				PRODUCT_BUNDLE_IDENTIFIER = iAsad.DrinkRecepieIOS;
				PRODUCT_NAME = "$(TARGET_NAME)";
				SWIFT_EMIT_LOC_STRINGS = YES;
				SWIFT_VERSION = 5.0;
				TARGETED_DEVICE_FAMILY = "1,2";
			};
			name = Debug;
		};
		70300C502C65819D00C47785 /* Release */ = {
			isa = XCBuildConfiguration;
			buildSettings = {
				ASSETCATALOG_COMPILER_APPICON_NAME = AppIcon;
				ASSETCATALOG_COMPILER_GLOBAL_ACCENT_COLOR_NAME = AccentColor;
				CODE_SIGN_STYLE = Automatic;
				CURRENT_PROJECT_VERSION = 1;
				DEVELOPMENT_TEAM = QG69UFYDL6;
				GENERATE_INFOPLIST_FILE = YES;
				INFOPLIST_FILE = DrinkRecepieIOS/Info.plist;
				INFOPLIST_KEY_UIApplicationSupportsIndirectInputEvents = YES;
				INFOPLIST_KEY_UILaunchStoryboardName = LaunchScreen;
				INFOPLIST_KEY_UIMainStoryboardFile = Search;
				INFOPLIST_KEY_UISupportedInterfaceOrientations_iPad = "UIInterfaceOrientationPortrait UIInterfaceOrientationPortraitUpsideDown UIInterfaceOrientationLandscapeLeft UIInterfaceOrientationLandscapeRight";
				INFOPLIST_KEY_UISupportedInterfaceOrientations_iPhone = "UIInterfaceOrientationPortrait UIInterfaceOrientationLandscapeLeft UIInterfaceOrientationLandscapeRight";
				LD_RUNPATH_SEARCH_PATHS = (
					"$(inherited)",
					"@executable_path/Frameworks",
				);
				MARKETING_VERSION = 1.0;
				PRODUCT_BUNDLE_IDENTIFIER = iAsad.DrinkRecepieIOS;
				PRODUCT_NAME = "$(TARGET_NAME)";
				SWIFT_EMIT_LOC_STRINGS = YES;
				SWIFT_VERSION = 5.0;
				TARGETED_DEVICE_FAMILY = "1,2";
			};
			name = Release;
		};
/* End XCBuildConfiguration section */

/* Begin XCConfigurationList section */
		70300C322C65819B00C47785 /* Build configuration list for PBXProject "DrinkRecepieIOS" */ = {
			isa = XCConfigurationList;
			buildConfigurations = (
				70300C4C2C65819D00C47785 /* Debug */,
				70300C4D2C65819D00C47785 /* Release */,
			);
			defaultConfigurationIsVisible = 0;
			defaultConfigurationName = Release;
		};
		70300C4E2C65819D00C47785 /* Build configuration list for PBXNativeTarget "DrinkRecepieIOS" */ = {
			isa = XCConfigurationList;
			buildConfigurations = (
				70300C4F2C65819D00C47785 /* Debug */,
				70300C502C65819D00C47785 /* Release */,
			);
			defaultConfigurationIsVisible = 0;
			defaultConfigurationName = Release;
		};
/* End XCConfigurationList section */

/* Begin XCRemoteSwiftPackageReference section */
		70300C512C6581E100C47785 /* XCRemoteSwiftPackageReference "SDWebImage" */ = {
			isa = XCRemoteSwiftPackageReference;
			repositoryURL = "https://github.com/SDWebImage/SDWebImage";
			requirement = {
				kind = upToNextMinorVersion;
				minimumVersion = 5.1.0;
			};
		};
		70300C6F2C658D0E00C47785 /* XCRemoteSwiftPackageReference "Alamofire" */ = {
			isa = XCRemoteSwiftPackageReference;
			repositoryURL = "https://github.com/Alamofire/Alamofire.git";
			requirement = {
				kind = upToNextMinorVersion;
				minimumVersion = 5.6.0;
			};
		};
/* End XCRemoteSwiftPackageReference section */

/* Begin XCSwiftPackageProductDependency section */
		70300C522C6581E100C47785 /* SDWebImage */ = {
			isa = XCSwiftPackageProductDependency;
			package = 70300C512C6581E100C47785 /* XCRemoteSwiftPackageReference "SDWebImage" */;
			productName = SDWebImage;
		};
		70300C542C6581E100C47785 /* SDWebImageMapKit */ = {
			isa = XCSwiftPackageProductDependency;
			package = 70300C512C6581E100C47785 /* XCRemoteSwiftPackageReference "SDWebImage" */;
			productName = SDWebImageMapKit;
		};
		70300C702C658D0E00C47785 /* Alamofire */ = {
			isa = XCSwiftPackageProductDependency;
			package = 70300C6F2C658D0E00C47785 /* XCRemoteSwiftPackageReference "Alamofire" */;
			productName = Alamofire;
		};
/* End XCSwiftPackageProductDependency section */

/* Begin XCVersionGroup section */
		70E422F22C67F3B5003E3120 /* DrinkRecepie.xcdatamodeld */ = {
			isa = XCVersionGroup;
			children = (
				70E422F32C67F3B5003E3120 /* DrinkRecepie.xcdatamodel */,
			);
			currentVersion = 70E422F32C67F3B5003E3120 /* DrinkRecepie.xcdatamodel */;
			name = DrinkRecepie.xcdatamodeld;
			path = /Users/iasad/Desktop/DrinkRecepieIOS/DrinkRecepieIOS/SupportingFiles/DrinkRecepie.xcdatamodeld;
			sourceTree = "<group>";
			versionGroupType = wrapper.xcdatamodel;
		};
/* End XCVersionGroup section */
	};
	rootObject = 70300C2F2C65819B00C47785 /* Project object */;
}
